# THIS IS AN AUTOGENERATED FILE. DO NOT EDIT THIS FILE DIRECTLY.
assets/anchors-nav.js:
  development: 2017-10-14T15:24:41-04:00   5e3edbbe21db756fa45a44fbfb7ff7ff
assets/bundle.js:
  development: 2017-10-14T17:44:46-04:00   00f9b285b1ecdcefa7bb28485fbde7b9
assets/device.js:
  development: 2017-10-14T17:40:00-04:00   2f5ea9a701e61438b68572116fcebc4f
assets/drawer.js:
  development: 2017-10-14T15:24:55-04:00   1da6cd695f158b781f6282b0418e8880
assets/index.js:
  development: 2017-10-14T17:42:18-04:00   ad67fc880cda258d4c4b6f300a833816
layout/theme.liquid:
  development: 2017-10-14T20:05:23-04:00   ae7dc4a4a06ddaf2680852c658a97a1d
snippets/collection-sidebar.liquid:
  development: 2017-10-14T21:30:41-04:00   b53274904cf2b47ce2fb4c3e6d632bb3
snippets/product-filter-desktop.liquid:
  development: 2017-10-15T02:33:47-04:00   c73a67db7a74d00000205dd2f7454cfa
snippets/product-filter-mobile.liquid:
  development: 2017-10-15T02:40:49-04:00   d61e23097ac50d3554157796b01630c1
templates/collection.creator-profile.liquid:
  development: 2017-10-15T02:09:31-04:00   be2226041be3b3712ac9b152fa854227
templates/collection.liquid:
  development: 2017-10-15T04:53:09-04:00   4cf2ab7e183fc4b9ebb16932edbe7765
templates/collection.list.liquid:
  development: 2017-10-14T23:07:24-04:00   4d565f5e477d246225205baae206f5dc
templates/collection.women.liquid:
  development: 2017-10-15T01:16:57-04:00   dbaeb780ae98694bafe4499ea2550534
templates/index.liquid:
  development: 2017-10-15T05:18:32-04:00   9db4ca2ed2d2a7bf556bbd6bf61fac18
templates/page.about-us.liquid:
  development: 2017-10-14T18:05:55-04:00   8bc93080216a453396ef244f1e741119
